<?xml version="1.0" encoding="utf-8"?>
<Project ToolsVersion="4.0" xmlns="http://schemas.microsoft.com/developer/msbuild/2003">
  <ItemGroup>
    <Filter Include="源文件">
      <UniqueIdentifier>{4FC737F1-C7A5-4376-A066-2A32D752A2FF}</UniqueIdentifier>
      <Extensions>cpp;c;cc;cxx;c++;cppm;ixx;def;odl;idl;hpj;bat;asm;asmx</Extensions>
    </Filter>
    <Filter Include="头文件">
      <UniqueIdentifier>{93995380-89BD-4b04-88EB-625FBE52EBFB}</UniqueIdentifier>
      <Extensions>h;hh;hpp;hxx;h++;hm;inl;inc;ipp;xsd</Extensions>
    </Filter>
    <Filter Include="资源文件">
      <UniqueIdentifier>{67DA6AB6-F800-4c08-8B7A-83BB121AAD01}</UniqueIdentifier>
      <Extensions>rc;ico;cur;bmp;dlg;rc2;rct;bin;rgs;gif;jpg;jpeg;jpe;resx;tiff;tif;png;wav;mfcribbon-ms</Extensions>
    </Filter>
    <Filter Include="头文件\element">
      <UniqueIdentifier>{4e7a2667-6e83-4cca-b72f-fd5056e7e2d5}</UniqueIdentifier>
    </Filter>
    <Filter Include="头文件\element\player">
      <UniqueIdentifier>{a628180a-74d1-4c55-8b5a-7bfe0c8f2420}</UniqueIdentifier>
    </Filter>
    <Filter Include="头文件\element\enemy">
      <UniqueIdentifier>{d74e91f5-cc7f-4453-aa01-434edfd76ce6}</UniqueIdentifier>
    </Filter>
    <Filter Include="头文件\element\bullet">
      <UniqueIdentifier>{84d1d023-0960-40df-8e1b-eb851fd77257}</UniqueIdentifier>
    </Filter>
    <Filter Include="头文件\scene">
      <UniqueIdentifier>{cff6e211-f2f4-43db-8d12-50c7ea1e52c5}</UniqueIdentifier>
    </Filter>
    <Filter Include="头文件\element\button">
      <UniqueIdentifier>{334a1c3f-ba7f-4385-97ec-2d1de3b342bf}</UniqueIdentifier>
    </Filter>
    <Filter Include="头文件\element\element_picture_until">
      <UniqueIdentifier>{612046c6-0019-400e-8362-1c7c37e6b7d6}</UniqueIdentifier>
    </Filter>
  </ItemGroup>
  <ItemGroup>
    <ClCompile Include="FileName.cpp">
      <Filter>源文件</Filter>
    </ClCompile>
  </ItemGroup>
  <ItemGroup>
    <ClInclude Include="player.h">
      <Filter>头文件\element\player</Filter>
    </ClInclude>
    <ClInclude Include="enemy.h">
      <Filter>头文件\element\enemy</Filter>
    </ClInclude>
    <ClInclude Include="bullet.h">
      <Filter>头文件\element\bullet</Filter>
    </ClInclude>
    <ClInclude Include="game_scene.h">
      <Filter>头文件\scene</Filter>
    </ClInclude>
    <ClInclude Include="menu_scene.h">
      <Filter>头文件\scene</Filter>
    </ClInclude>
    <ClInclude Include="scene_manager.h">
      <Filter>头文件\scene</Filter>
    </ClInclude>
    <ClInclude Include="scene.h">
      <Filter>头文件\scene</Filter>
    </ClInclude>
    <ClInclude Include="button.h">
      <Filter>头文件\element\button</Filter>
    </ClInclude>
    <ClInclude Include="quit_button.h">
      <Filter>头文件\element\button</Filter>
    </ClInclude>
    <ClInclude Include="start_button.h">
      <Filter>头文件\element\button</Filter>
    </ClInclude>
    <ClInclude Include="util.h">
      <Filter>头文件\element\element_picture_until</Filter>
    </ClInclude>
    <ClInclude Include="animation.h">
      <Filter>头文件\element\element_picture_until</Filter>
    </ClInclude>
    <ClInclude Include="atlas.h">
      <Filter>头文件\element\element_picture_until</Filter>
    </ClInclude>
  </ItemGroup>
</Project>